
Microsoft Visual Studio Solution File, Format Version 12.00
# Visual Studio Version 16
VisualStudioVersion = 16.0.30517.126
MinimumVisualStudioVersion = 10.0.40219.1
Project("{F184B08F-C81C-45F6-A57F-5ABD9991F28F}") = "DotNetPractice", "DotNetPractice\DotNetPractice.vbproj", "{ADB98842-6544-4598-BD85-2803FF81B601}"
EndProject
Global
	GlobalSection(SolutionConfigurationPlatforms) = preSolution
		Debug|Any CPU = Debug|Any CPU
		Release|Any CPU = Release|Any CPU
	EndGlobalSection
	GlobalSection(ProjectConfigurationPlatforms) = postSolution
		{ADB98842-6544-4598-BD85-2803FF81B601}.Debug|Any CPU.ActiveCfg = Debug|Any CPU
		{ADB98842-6544-4598-BD85-2803FF81B601}.Debug|Any CPU.Build.0 = Debug|Any CPU
		{ADB98842-6544-4598-BD85-2803FF81B601}.Release|Any CPU.ActiveCfg = Release|Any CPU
		{ADB98842-6544-4598-BD85-2803FF81B601}.Release|Any CPU.Build.0 = Release|Any CPU
	EndGlobalSection
	GlobalSection(SolutionProperties) = preSolution
		HideSolutionNode = FALSE
	EndGlobalSection
	GlobalSection(ExtensibilityGlobals) = postSolution
		SolutionGuid = {0C7CAF31-5ABB-4C93-ABA5-944B0E7C97FE}
	EndGlobalSection
EndGlobal
